// !$*UTF8*$!
{
	archiveVersion = 1;
	classes = {
	};
	objectVersion = 48;
	objects = {

/* Begin PBXBuildFile section */
		344EB8872023B1BA006F7BCF /* AppDelegate.swift in Sources */ = {isa = PBXBuildFile; fileRef = 344EB8862023B1BA006F7BCF /* AppDelegate.swift */; };
		344EB88E2023B1BA006F7BCF /* Assets.xcassets in Resources */ = {isa = PBXBuildFile; fileRef = 344EB88D2023B1BA006F7BCF /* Assets.xcassets */; };
		344EB8912023B1BA006F7BCF /* LaunchScreen.storyboard in Resources */ = {isa = PBXBuildFile; fileRef = 344EB88F2023B1BA006F7BCF /* LaunchScreen.storyboard */; };
		344EB8A32023BA49006F7BCF /* SignUpController.swift in Sources */ = {isa = PBXBuildFile; fileRef = 344EB8A22023BA49006F7BCF /* SignUpController.swift */; };
		344EB8A72023BC8C006F7BCF /* SignUpControllerView.xib in Resources */ = {isa = PBXBuildFile; fileRef = 344EB8A62023BC8C006F7BCF /* SignUpControllerView.xib */; };
		344EB8A92023BCA0006F7BCF /* SignUpControllerView.swift in Sources */ = {isa = PBXBuildFile; fileRef = 344EB8A82023BCA0006F7BCF /* SignUpControllerView.swift */; };
		344EB8AC2023BD16006F7BCF /* ViewCreatable.swift in Sources */ = {isa = PBXBuildFile; fileRef = 344EB8AB2023BD16006F7BCF /* ViewCreatable.swift */; };
		344EB8B02023DBF9006F7BCF /* NameValidator.swift in Sources */ = {isa = PBXBuildFile; fileRef = 344EB8AF2023DBF9006F7BCF /* NameValidator.swift */; };
		344EB8C02023DCA9006F7BCF /* NameValidatorTests.swift in Sources */ = {isa = PBXBuildFile; fileRef = 344EB8BF2023DCA9006F7BCF /* NameValidatorTests.swift */; };
		347DEB412024ECEF001524F9 /* CPFValidator.swift in Sources */ = {isa = PBXBuildFile; fileRef = 347DEB402024ECEF001524F9 /* CPFValidator.swift */; };
		347DEB432024FBDA001524F9 /* CPFValidatorTests.swift in Sources */ = {isa = PBXBuildFile; fileRef = 347DEB422024FBDA001524F9 /* CPFValidatorTests.swift */; };
/* End PBXBuildFile section */

/* Begin PBXContainerItemProxy section */
		344EB8BA2023DC41006F7BCF /* PBXContainerItemProxy */ = {
			isa = PBXContainerItemProxy;
			containerPortal = 344EB87B2023B1BA006F7BCF /* Project object */;
			proxyType = 1;
			remoteGlobalIDString = 344EB8822023B1BA006F7BCF;
			remoteInfo = Exercise01;
		};
/* End PBXContainerItemProxy section */

/* Begin PBXFileReference section */
		344EB8832023B1BA006F7BCF /* Exercise01.app */ = {isa = PBXFileReference; explicitFileType = wrapper.application; includeInIndex = 0; path = Exercise01.app; sourceTree = BUILT_PRODUCTS_DIR; };
		344EB8862023B1BA006F7BCF /* AppDelegate.swift */ = {isa = PBXFileReference; lastKnownFileType = sourcecode.swift; path = AppDelegate.swift; sourceTree = "<group>"; };
		344EB88D2023B1BA006F7BCF /* Assets.xcassets */ = {isa = PBXFileReference; lastKnownFileType = folder.assetcatalog; path = Assets.xcassets; sourceTree = "<group>"; };
		344EB8902023B1BA006F7BCF /* Base */ = {isa = PBXFileReference; lastKnownFileType = file.storyboard; name = Base; path = Base.lproj/LaunchScreen.storyboard; sourceTree = "<group>"; };
		344EB8992023B6E3006F7BCF /* Info.plist */ = {isa = PBXFileReference; fileEncoding = 4; lastKnownFileType = text.plist.xml; path = Info.plist; sourceTree = SOURCE_ROOT; };
		344EB8A22023BA49006F7BCF /* SignUpController.swift */ = {isa = PBXFileReference; lastKnownFileType = sourcecode.swift; path = SignUpController.swift; sourceTree = "<group>"; };
		344EB8A62023BC8C006F7BCF /* SignUpControllerView.xib */ = {isa = PBXFileReference; lastKnownFileType = file.xib; path = SignUpControllerView.xib; sourceTree = "<group>"; };
		344EB8A82023BCA0006F7BCF /* SignUpControllerView.swift */ = {isa = PBXFileReference; lastKnownFileType = sourcecode.swift; path = SignUpControllerView.swift; sourceTree = "<group>"; };
		344EB8AB2023BD16006F7BCF /* ViewCreatable.swift */ = {isa = PBXFileReference; lastKnownFileType = sourcecode.swift; path = ViewCreatable.swift; sourceTree = "<group>"; };
		344EB8AF2023DBF9006F7BCF /* NameValidator.swift */ = {isa = PBXFileReference; lastKnownFileType = sourcecode.swift; path = NameValidator.swift; sourceTree = "<group>"; };
		344EB8B52023DC41006F7BCF /* Exercise01Tests.xctest */ = {isa = PBXFileReference; explicitFileType = wrapper.cfbundle; includeInIndex = 0; path = Exercise01Tests.xctest; sourceTree = BUILT_PRODUCTS_DIR; };
		344EB8B92023DC41006F7BCF /* Info.plist */ = {isa = PBXFileReference; lastKnownFileType = text.plist.xml; path = Info.plist; sourceTree = "<group>"; };
		344EB8BF2023DCA9006F7BCF /* NameValidatorTests.swift */ = {isa = PBXFileReference; lastKnownFileType = sourcecode.swift; path = NameValidatorTests.swift; sourceTree = "<group>"; };
		347DEB402024ECEF001524F9 /* CPFValidator.swift */ = {isa = PBXFileReference; lastKnownFileType = sourcecode.swift; path = CPFValidator.swift; sourceTree = "<group>"; };
		347DEB422024FBDA001524F9 /* CPFValidatorTests.swift */ = {isa = PBXFileReference; lastKnownFileType = sourcecode.swift; path = CPFValidatorTests.swift; sourceTree = "<group>"; };
/* End PBXFileReference section */

/* Begin PBXFrameworksBuildPhase section */
		344EB8802023B1BA006F7BCF /* Frameworks */ = {
			isa = PBXFrameworksBuildPhase;
			buildActionMask = 2147483647;
			files = (
			);
			runOnlyForDeploymentPostprocessing = 0;
		};
		344EB8B22023DC41006F7BCF /* Frameworks */ = {
			isa = PBXFrameworksBuildPhase;
			buildActionMask = 2147483647;
			files = (
			);
			runOnlyForDeploymentPostprocessing = 0;
		};
/* End PBXFrameworksBuildPhase section */

/* Begin PBXGroup section */
		344EB87A2023B1BA006F7BCF = {
			isa = PBXGroup;
			children = (
				344EB8852023B1BA006F7BCF /* Exercise01 */,
				344EB8B62023DC41006F7BCF /* Exercise01Tests */,
				344EB8842023B1BA006F7BCF /* Products */,
			);
			sourceTree = "<group>";
		};
		344EB8842023B1BA006F7BCF /* Products */ = {
			isa = PBXGroup;
			children = (
				344EB8832023B1BA006F7BCF /* Exercise01.app */,
				344EB8B52023DC41006F7BCF /* Exercise01Tests.xctest */,
			);
			name = Products;
			sourceTree = "<group>";
		};
		344EB8852023B1BA006F7BCF /* Exercise01 */ = {
			isa = PBXGroup;
			children = (
				344EB89E2023B800006F7BCF /* SignUp */,
				344EB8AA2023BD09006F7BCF /* Extension */,
				344EB8982023B1E9006F7BCF /* Supporting Files */,
			);
			path = Exercise01;
			sourceTree = "<group>";
		};
		344EB8982023B1E9006F7BCF /* Supporting Files */ = {
			isa = PBXGroup;
			children = (
				344EB8862023B1BA006F7BCF /* AppDelegate.swift */,
				344EB88D2023B1BA006F7BCF /* Assets.xcassets */,
				344EB88F2023B1BA006F7BCF /* LaunchScreen.storyboard */,
				344EB8992023B6E3006F7BCF /* Info.plist */,
			);
			path = "Supporting Files";
			sourceTree = "<group>";
		};
		344EB89E2023B800006F7BCF /* SignUp */ = {
			isa = PBXGroup;
			children = (
				344EB89F2023B83B006F7BCF /* Model */,
				344EB8A12023B845006F7BCF /* View */,
				344EB8A02023B842006F7BCF /* Presenter */,
			);
			path = SignUp;
			sourceTree = "<group>";
		};
		344EB89F2023B83B006F7BCF /* Model */ = {
			isa = PBXGroup;
			children = (
				344EB8AF2023DBF9006F7BCF /* NameValidator.swift */,
				347DEB402024ECEF001524F9 /* CPFValidator.swift */,
			);
			path = Model;
			sourceTree = "<group>";
		};
		344EB8A02023B842006F7BCF /* Presenter */ = {
			isa = PBXGroup;
			children = (
			);
			path = Presenter;
			sourceTree = "<group>";
		};
		344EB8A12023B845006F7BCF /* View */ = {
			isa = PBXGroup;
			children = (
				344EB8A22023BA49006F7BCF /* SignUpController.swift */,
				344EB8A62023BC8C006F7BCF /* SignUpControllerView.xib */,
				344EB8A82023BCA0006F7BCF /* SignUpControllerView.swift */,
			);
			path = View;
			sourceTree = "<group>";
		};
		344EB8AA2023BD09006F7BCF /* Extension */ = {
			isa = PBXGroup;
			children = (
				344EB8AB2023BD16006F7BCF /* ViewCreatable.swift */,
			);
			path = Extension;
			sourceTree = "<group>";
		};
		344EB8B62023DC41006F7BCF /* Exercise01Tests */ = {
			isa = PBXGroup;
			children = (
				344EB8BF2023DCA9006F7BCF /* NameValidatorTests.swift */,
				347DEB422024FBDA001524F9 /* CPFValidatorTests.swift */,
				344EB8B92023DC41006F7BCF /* Info.plist */,
			);
			path = Exercise01Tests;
			sourceTree = "<group>";
		};
/* End PBXGroup section */

/* Begin PBXNativeTarget section */
		344EB8822023B1BA006F7BCF /* Exercise01 */ = {
			isa = PBXNativeTarget;
			buildConfigurationList = 344EB8952023B1BA006F7BCF /* Build configuration list for PBXNativeTarget "Exercise01" */;
			buildPhases = (
				344EB87F2023B1BA006F7BCF /* Sources */,
				344EB8802023B1BA006F7BCF /* Frameworks */,
				344EB8812023B1BA006F7BCF /* Resources */,
			);
			buildRules = (
			);
			dependencies = (
			);
			name = Exercise01;
			productName = Exercise01;
			productReference = 344EB8832023B1BA006F7BCF /* Exercise01.app */;
			productType = "com.apple.product-type.application";
		};
		344EB8B42023DC41006F7BCF /* Exercise01Tests */ = {
			isa = PBXNativeTarget;
			buildConfigurationList = 344EB8BC2023DC41006F7BCF /* Build configuration list for PBXNativeTarget "Exercise01Tests" */;
			buildPhases = (
				344EB8B12023DC41006F7BCF /* Sources */,
				344EB8B22023DC41006F7BCF /* Frameworks */,
				344EB8B32023DC41006F7BCF /* Resources */,
			);
			buildRules = (
			);
			dependencies = (
				344EB8BB2023DC41006F7BCF /* PBXTargetDependency */,
			);
			name = Exercise01Tests;
			productName = Exercise01Tests;
			productReference = 344EB8B52023DC41006F7BCF /* Exercise01Tests.xctest */;
			productType = "com.apple.product-type.bundle.unit-test";
		};
/* End PBXNativeTarget section */

/* Begin PBXProject section */
		344EB87B2023B1BA006F7BCF /* Project object */ = {
			isa = PBXProject;
			attributes = {
				LastSwiftUpdateCheck = 0920;
				LastUpgradeCheck = 0920;
				ORGANIZATIONNAME = "Stone Pagamentos";
				TargetAttributes = {
					344EB8822023B1BA006F7BCF = {
						CreatedOnToolsVersion = 9.2;
						ProvisioningStyle = Automatic;
					};
					344EB8B42023DC41006F7BCF = {
						CreatedOnToolsVersion = 9.2;
						LastSwiftMigration = 0920;
						ProvisioningStyle = Automatic;
						TestTargetID = 344EB8822023B1BA006F7BCF;
					};
				};
			};
			buildConfigurationList = 344EB87E2023B1BA006F7BCF /* Build configuration list for PBXProject "Exercise01" */;
			compatibilityVersion = "Xcode 8.0";
			developmentRegion = en;
			hasScannedForEncodings = 0;
			knownRegions = (
				en,
				Base,
			);
			mainGroup = 344EB87A2023B1BA006F7BCF;
			productRefGroup = 344EB8842023B1BA006F7BCF /* Products */;
			projectDirPath = "";
			projectRoot = "";
			targets = (
				344EB8822023B1BA006F7BCF /* Exercise01 */,
				344EB8B42023DC41006F7BCF /* Exercise01Tests */,
			);
		};
/* End PBXProject section */

/* Begin PBXResourcesBuildPhase section */
		344EB8812023B1BA006F7BCF /* Resources */ = {
			isa = PBXResourcesBuildPhase;
			buildActionMask = 2147483647;
			files = (
				344EB8912023B1BA006F7BCF /* LaunchScreen.storyboard in Resources */,
				344EB88E2023B1BA006F7BCF /* Assets.xcassets in Resources */,
				344EB8A72023BC8C006F7BCF /* SignUpControllerView.xib in Resources */,
			);
			runOnlyForDeploymentPostprocessing = 0;
		};
		344EB8B32023DC41006F7BCF /* Resources */ = {
			isa = PBXResourcesBuildPhase;
			buildActionMask = 2147483647;
			files = (
			);
			runOnlyForDeploymentPostprocessing = 0;
		};
/* End PBXResourcesBuildPhase section */

/* Begin PBXSourcesBuildPhase section */
		344EB87F2023B1BA006F7BCF /* Sources */ = {
			isa = PBXSourcesBuildPhase;
			buildActionMask = 2147483647;
			files = (
				344EB8872023B1BA006F7BCF /* AppDelegate.swift in Sources */,
				344EB8A92023BCA0006F7BCF /* SignUpControllerView.swift in Sources */,
				344EB8A32023BA49006F7BCF /* SignUpController.swift in Sources */,
				344EB8B02023DBF9006F7BCF /* NameValidator.swift in Sources */,
				347DEB412024ECEF001524F9 /* CPFValidator.swift in Sources */,
				344EB8AC2023BD16006F7BCF /* ViewCreatable.swift in Sources */,
			);
			runOnlyForDeploymentPostprocessing = 0;
		};
		344EB8B12023DC41006F7BCF /* Sources */ = {
			isa = PBXSourcesBuildPhase;
			buildActionMask = 2147483647;
			files = (
				347DEB432024FBDA001524F9 /* CPFValidatorTests.swift in Sources */,
				344EB8C02023DCA9006F7BCF /* NameValidatorTests.swift in Sources */,
			);
			runOnlyForDeploymentPostprocessing = 0;
		};
/* End PBXSourcesBuildPhase section */

/* Begin PBXTargetDependency section */
		344EB8BB2023DC41006F7BCF /* PBXTargetDependency */ = {
			isa = PBXTargetDependency;
			target = 344EB8822023B1BA006F7BCF /* Exercise01 */;
			targetProxy = 344EB8BA2023DC41006F7BCF /* PBXContainerItemProxy */;
		};
/* End PBXTargetDependency section */

/* Begin PBXVariantGroup section */
		344EB88F2023B1BA006F7BCF /* LaunchScreen.storyboard */ = {
			isa = PBXVariantGroup;
			children = (
				344EB8902023B1BA006F7BCF /* Base */,
			);
			name = LaunchScreen.storyboard;
			sourceTree = "<group>";
		};
/* End PBXVariantGroup section */

/* Begin XCBuildConfiguration section */
		344EB8932023B1BA006F7BCF /* Debug */ = {
			isa = XCBuildConfiguration;
			buildSettings = {
				ALWAYS_SEARCH_USER_PATHS = NO;
				CLANG_ANALYZER_NONNULL = YES;
				CLANG_ANALYZER_NUMBER_OBJECT_CONVERSION = YES_AGGRESSIVE;
				CLANG_CXX_LANGUAGE_STANDARD = "gnu++14";
				CLANG_CXX_LIBRARY = "libc++";
				CLANG_ENABLE_MODULES = YES;
				CLANG_ENABLE_OBJC_ARC = YES;
				CLANG_WARN_BLOCK_CAPTURE_AUTORELEASING = YES;
				CLANG_WARN_BOOL_CONVERSION = YES;
				CLANG_WARN_COMMA = YES;
				CLANG_WARN_CONSTANT_CONVERSION = YES;
				CLANG_WARN_DIRECT_OBJC_ISA_USAGE = YES_ERROR;
				CLANG_WARN_DOCUMENTATION_COMMENTS = YES;
				CLANG_WARN_EMPTY_BODY = YES;
				CLANG_WARN_ENUM_CONVERSION = YES;
				CLANG_WARN_INFINITE_RECURSION = YES;
				CLANG_WARN_INT_CONVERSION = YES;
				CLANG_WARN_NON_LITERAL_NULL_CONVERSION = YES;
				CLANG_WARN_OBJC_LITERAL_CONVERSION = YES;
				CLANG_WARN_OBJC_ROOT_CLASS = YES_ERROR;
				CLANG_WARN_RANGE_LOOP_ANALYSIS = YES;
				CLANG_WARN_STRICT_PROTOTYPES = YES;
				CLANG_WARN_SUSPICIOUS_MOVE = YES;
				CLANG_WARN_UNGUARDED_AVAILABILITY = YES_AGGRESSIVE;
				CLANG_WARN_UNREACHABLE_CODE = YES;
				CLANG_WARN__DUPLICATE_METHOD_MATCH = YES;
				CODE_SIGN_IDENTITY = "iPhone Developer";
				COPY_PHASE_STRIP = NO;
				DEBUG_INFORMATION_FORMAT = dwarf;
				ENABLE_STRICT_OBJC_MSGSEND = YES;
				ENABLE_TESTABILITY = YES;
				GCC_C_LANGUAGE_STANDARD = gnu11;
				GCC_DYNAMIC_NO_PIC = NO;
				GCC_NO_COMMON_BLOCKS = YES;
				GCC_OPTIMIZATION_LEVEL = 0;
				GCC_PREPROCESSOR_DEFINITIONS = (
					"DEBUG=1",
					"$(inherited)",
				);
				GCC_WARN_64_TO_32_BIT_CONVERSION = YES;
				GCC_WARN_ABOUT_RETURN_TYPE = YES_ERROR;
				GCC_WARN_UNDECLARED_SELECTOR = YES;
				GCC_WARN_UNINITIALIZED_AUTOS = YES_AGGRESSIVE;
				GCC_WARN_UNUSED_FUNCTION = YES;
				GCC_WARN_UNUSED_VARIABLE = YES;
				IPHONEOS_DEPLOYMENT_TARGET = 11.0;
				MTL_ENABLE_DEBUG_INFO = YES;
				ONLY_ACTIVE_ARCH = YES;
				SDKROOT = iphoneos;
				SWIFT_ACTIVE_COMPILATION_CONDITIONS = DEBUG;
				SWIFT_OPTIMIZATION_LEVEL = "-Onone";
			};
			name = Debug;
		};
		344EB8942023B1BA006F7BCF /* Release */ = {
			isa = XCBuildConfiguration;
			buildSettings = {
				ALWAYS_SEARCH_USER_PATHS = NO;
				CLANG_ANALYZER_NONNULL = YES;
				CLANG_ANALYZER_NUMBER_OBJECT_CONVERSION = YES_AGGRESSIVE;
				CLANG_CXX_LANGUAGE_STANDARD = "gnu++14";
				CLANG_CXX_LIBRARY = "libc++";
				CLANG_ENABLE_MODULES = YES;
				CLANG_ENABLE_OBJC_ARC = YES;
				CLANG_WARN_BLOCK_CAPTURE_AUTORELEASING = YES;
				CLANG_WARN_BOOL_CONVERSION = YES;
				CLANG_WARN_COMMA = YES;
				CLANG_WARN_CONSTANT_CONVERSION = YES;
				CLANG_WARN_DIRECT_OBJC_ISA_USAGE = YES_ERROR;
				CLANG_WARN_DOCUMENTATION_COMMENTS = YES;
				CLANG_WARN_EMPTY_BODY = YES;
				CLANG_WARN_ENUM_CONVERSION = YES;
				CLANG_WARN_INFINITE_RECURSION = YES;
				CLANG_WARN_INT_CONVERSION = YES;
				CLANG_WARN_NON_LITERAL_NULL_CONVERSION = YES;
				CLANG_WARN_OBJC_LITERAL_CONVERSION = YES;
				CLANG_WARN_OBJC_ROOT_CLASS = YES_ERROR;
				CLANG_WARN_RANGE_LOOP_ANALYSIS = YES;
				CLANG_WARN_STRICT_PROTOTYPES = YES;
				CLANG_WARN_SUSPICIOUS_MOVE = YES;
				CLANG_WARN_UNGUARDED_AVAILABILITY = YES_AGGRESSIVE;
				CLANG_WARN_UNREACHABLE_CODE = YES;
				CLANG_WARN__DUPLICATE_METHOD_MATCH = YES;
				CODE_SIGN_IDENTITY = "iPhone Developer";
				COPY_PHASE_STRIP = NO;
				DEBUG_INFORMATION_FORMAT = "dwarf-with-dsym";
				ENABLE_NS_ASSERTIONS = NO;
				ENABLE_STRICT_OBJC_MSGSEND = YES;
				GCC_C_LANGUAGE_STANDARD = gnu11;
				GCC_NO_COMMON_BLOCKS = YES;
				GCC_WARN_64_TO_32_BIT_CONVERSION = YES;
				GCC_WARN_ABOUT_RETURN_TYPE = YES_ERROR;
				GCC_WARN_UNDECLARED_SELECTOR = YES;
				GCC_WARN_UNINITIALIZED_AUTOS = YES_AGGRESSIVE;
				GCC_WARN_UNUSED_FUNCTION = YES;
				GCC_WARN_UNUSED_VARIABLE = YES;
				IPHONEOS_DEPLOYMENT_TARGET = 11.0;
				MTL_ENABLE_DEBUG_INFO = NO;
				SDKROOT = iphoneos;
				SWIFT_OPTIMIZATION_LEVEL = "-Owholemodule";
				VALIDATE_PRODUCT = YES;
			};
			name = Release;
		};
		344EB8962023B1BA006F7BCF /* Debug */ = {
			isa = XCBuildConfiguration;
			buildSettings = {
				ASSETCATALOG_COMPILER_APPICON_NAME = AppIcon;
				CODE_SIGN_STYLE = Automatic;
				DEVELOPMENT_TEAM = 578EBFNU9W;
				INFOPLIST_FILE = "$(SRCROOT)/Info.plist";
				IPHONEOS_DEPLOYMENT_TARGET = 11.0;
				LD_RUNPATH_SEARCH_PATHS = "$(inherited) @executable_path/Frameworks";
				PRODUCT_BUNDLE_IDENTIFIER = br.com.buy4.UseFlip.iOS.Exercise01;
				PRODUCT_NAME = "$(TARGET_NAME)";
				SWIFT_VERSION = 4.0;
				TARGETED_DEVICE_FAMILY = 1;
			};
			name = Debug;
		};
		344EB8972023B1BA006F7BCF /* Release */ = {
			isa = XCBuildConfiguration;
			buildSettings = {
				ASSETCATALOG_COMPILER_APPICON_NAME = AppIcon;
				CODE_SIGN_STYLE = Automatic;
				DEVELOPMENT_TEAM = 578EBFNU9W;
				INFOPLIST_FILE = "$(SRCROOT)/Info.plist";
				IPHONEOS_DEPLOYMENT_TARGET = 11.0;
				LD_RUNPATH_SEARCH_PATHS = "$(inherited) @executable_path/Frameworks";
				PRODUCT_BUNDLE_IDENTIFIER = br.com.buy4.UseFlip.iOS.Exercise01;
				PRODUCT_NAME = "$(TARGET_NAME)";
				SWIFT_VERSION = 4.0;
				TARGETED_DEVICE_FAMILY = 1;
			};
			name = Release;
		};
		344EB8BD2023DC41006F7BCF /* Debug */ = {
			isa = XCBuildConfiguration;
			buildSettings = {
				BUNDLE_LOADER = "$(TEST_HOST)";
				CLANG_ENABLE_MODULES = YES;
				CODE_SIGN_STYLE = Automatic;
				DEVELOPMENT_TEAM = 578EBFNU9W;
				INFOPLIST_FILE = Exercise01Tests/Info.plist;
				IPHONEOS_DEPLOYMENT_TARGET = 11.2;
				LD_RUNPATH_SEARCH_PATHS = "$(inherited) @executable_path/Frameworks @loader_path/Frameworks";
				PRODUCT_BUNDLE_IDENTIFIER = br.com.buy4.UseFlip.iOS.Exercise01Tests;
				PRODUCT_NAME = "$(TARGET_NAME)";
				SWIFT_OPTIMIZATION_LEVEL = "-Onone";
				SWIFT_VERSION = 4.0;
				TARGETED_DEVICE_FAMILY = "1,2";
				TEST_HOST = "$(BUILT_PRODUCTS_DIR)/Exercise01.app/Exercise01";
			};
			name = Debug;
		};
		344EB8BE2023DC41006F7BCF /* Release */ = {
			isa = XCBuildConfiguration;
			buildSettings = {
				BUNDLE_LOADER = "$(TEST_HOST)";
				CLANG_ENABLE_MODULES = YES;
				CODE_SIGN_STYLE = Automatic;
				DEVELOPMENT_TEAM = 578EBFNU9W;
				INFOPLIST_FILE = Exercise01Tests/Info.plist;
				IPHONEOS_DEPLOYMENT_TARGET = 11.2;
				LD_RUNPATH_SEARCH_PATHS = "$(inherited) @executable_path/Frameworks @loader_path/Frameworks";
				PRODUCT_BUNDLE_IDENTIFIER = br.com.buy4.UseFlip.iOS.Exercise01Tests;
				PRODUCT_NAME = "$(TARGET_NAME)";
				SWIFT_VERSION = 4.0;
				TARGETED_DEVICE_FAMILY = "1,2";
				TEST_HOST = "$(BUILT_PRODUCTS_DIR)/Exercise01.app/Exercise01";
			};
			name = Release;
		};
/* End XCBuildConfiguration section */

/* Begin XCConfigurationList section */
		344EB87E2023B1BA006F7BCF /* Build configuration list for PBXProject "Exercise01" */ = {
			isa = XCConfigurationList;
			buildConfigurations = (
				344EB8932023B1BA006F7BCF /* Debug */,
				344EB8942023B1BA006F7BCF /* Release */,
			);
			defaultConfigurationIsVisible = 0;
			defaultConfigurationName = Release;
		};
		344EB8952023B1BA006F7BCF /* Build configuration list for PBXNativeTarget "Exercise01" */ = {
			isa = XCConfigurationList;
			buildConfigurations = (
				344EB8962023B1BA006F7BCF /* Debug */,
				344EB8972023B1BA006F7BCF /* Release */,
			);
			defaultConfigurationIsVisible = 0;
			defaultConfigurationName = Release;
		};
		344EB8BC2023DC41006F7BCF /* Build configuration list for PBXNativeTarget "Exercise01Tests" */ = {
			isa = XCConfigurationList;
			buildConfigurations = (
				344EB8BD2023DC41006F7BCF /* Debug */,
				344EB8BE2023DC41006F7BCF /* Release */,
			);
			defaultConfigurationIsVisible = 0;
			defaultConfigurationName = Release;
		};
/* End XCConfigurationList section */
	};
	rootObject = 344EB87B2023B1BA006F7BCF /* Project object */;
}
